PODS:
  - FLAnimatedImage (1.0.12)
  - RxCocoa (3.5.0):
    - RxSwift (~> 3.4)
  - RxSwift (3.5.0)
  - RxTableAndCollectionView (1.1.5):
    - RxCocoa
    - RxSwift

DEPENDENCIES:
  - FLAnimatedImage (~> 1.0)
  - RxCocoa
  - RxSwift
  - RxTableAndCollectionView

SPEC CHECKSUMS:
  FLAnimatedImage: 4a0b56255d9b05f18b6dd7ee06871be5d3b89e31
  RxCocoa: a0a09f45d0e5b48ecb6a4a7b4b4c89c88d3f633f
  RxSwift: 18ee9d78b45edb3b0b7e79916b47a116e6dbc842
  RxTableAndCollectionView: e589efbf099aae0f9951712fb3b883fdc393db1d

PODFILE CHECKSUM: b22278065ee2fff40721cd2f1a1d02ba36472b48

COCOAPODS: 1.2.1
